Microsoft Visual Studio Solution File, Format Version 12.00
# Visual Studio Version 18
VisualStudioVersion = 18.1.11304.174 d18.0
MinimumVisualStudioVersion = 10.0.40219.1
Project("{FAE04EC0-301F-11D3-BF4B-00C04F79EFBC}") = "MudTools.OfficeInterop", "MudTools.OfficeInterop\MudTools.OfficeInterop.csproj", "{50AA401E-713B-3FF4-66A0-23306F6631F3}"
EndProject
Project("{FAE04EC0-301F-11D3-BF4B-00C04F79EFBC}") = "MudTools.OfficeInterop.Vbe", "MudTools.OfficeInterop.Vbe\MudTools.OfficeInterop.Vbe.csproj", "{8331BABD-49BA-4FA6-00A9-75213E96AF03}"
EndProject
Project("{FAE04EC0-301F-11D3-BF4B-00C04F79EFBC}") = "MudTools.OfficeInterop.Excel", "MudTools.OfficeInterop.Excel\MudTools.OfficeInterop.Excel.csproj", "{6B8B4A4E-327E-B4C1-1964-0A5BE73DB734}"
EndProject
Project("{FAE04EC0-301F-11D3-BF4B-00C04F79EFBC}") = "MudTools.OfficeInterop.PowerPoint", "MudTools.OfficeInterop.PowerPoint\MudTools.OfficeInterop.PowerPoint.csproj", "{FD08CF3D-0877-0EEA-BA9C-CA470689ABBF}"
EndProject
Project("{FAE04EC0-301F-11D3-BF4B-00C04F79EFBC}") = "MudTools.OfficeInterop.Word", "MudTools.OfficeInterop.Word\MudTools.OfficeInterop.Word.csproj", "{9B3438EC-1C64-F35C-6879-C6A86C3FC3A7}"
EndProject
Project("{2150E333-8FDC-42A3-9474-1A3956D46DE8}") = "src", "src", "{02EA681E-C7D8-13C7-8484-4AC65E1B71E8}"
EndProject
Project("{2150E333-8FDC-42A3-9474-1A3956D46DE8}") = "samples", "samples", "{172D981E-17A6-46CF-B368-BE828A9BB944}"
EndProject
Project("{FAE04EC0-301F-11D3-BF4B-00C04F79EFBC}") = "BasicDocumentOperationsSample", "Samples\WordSamples\BasicDocumentOperationsSample\BasicDocumentOperationsSample.csproj", "{482CCC4B-0939-5D72-4126-CC3F51A4BCAA}"
EndProject
Project("{FAE04EC0-301F-11D3-BF4B-00C04F79EFBC}") = "DocumentAutomationProcessingSample", "Samples\WordSamples\DocumentAutomationProcessingSample\DocumentAutomationProcessingSample.csproj", "{5AA2F12E-9024-9AAB-3632-27CB6C5CD496}"
EndProject
Project("{FAE04EC0-301F-11D3-BF4B-00C04F79EFBC}") = "DocumentProtectionAndSecuritySample", "Samples\WordSamples\DocumentProtectionAndSecuritySample\DocumentProtectionAndSecuritySample.csproj", "{FA1DE64A-4A7E-783C-2310-0D7139CE5B89}"
EndProject
Project("{FAE04EC0-301F-11D3-BF4B-00C04F79EFBC}") = "DocumentStructureAndRangeOperationsSample", "Samples\WordSamples\DocumentStructureAndRangeOperationsSample\DocumentStructureAndRangeOperationsSample.csproj", "{820CF04B-7307-8BB3-C457-CFAACC88688F}"
EndProject
Project("{FAE04EC0-301F-11D3-BF4B-00C04F79EFBC}") = "FAQSample", "Samples\WordSamples\FAQSample\FAQSample.csproj", "{56052361-B4DA-39F5-8D53-70B3450E4236}"
EndProject
Project("{FAE04EC0-301F-11D3-BF4B-00C04F79EFBC}") = "FindAndReplaceSample", "Samples\WordSamples\FindAndReplaceSample\FindAndReplaceSample.csproj", "{066895B1-22A6-4E13-A1E6-740B8C9CC3A7}"
EndProject
Project("{FAE04EC0-301F-11D3-BF4B-00C04F79EFBC}") = "GraphicsAndImageOperationsSample", "Samples\WordSamples\GraphicsAndImageOperationsSample\GraphicsAndImageOperationsSample.csproj", "{C44F7A7A-6192-2D36-D3C7-1E66244AB3D9}"
EndProject
Project("{FAE04EC0-301F-11D3-BF4B-00C04F79EFBC}") = "IntegrationWithWebApplicationsSample", "Samples\WordSamples\IntegrationWithWebApplicationsSample\IntegrationWithWebApplicationsSample.csproj", "{E0055474-F142-3673-B337-9633BAAA76A3}"
EndProject
Project("{FAE04EC0-301F-11D3-BF4B-00C04F79EFBC}") = "MailMergeSample", "Samples\WordSamples\MailMergeSample\MailMergeSample.csproj", "{552C720D-ADA2-86C3-9335-593111803706}"
EndProject
Project("{FAE04EC0-301F-11D3-BF4B-00C04F79EFBC}") = "PageLayoutAndPrintingSample", "Samples\WordSamples\PageLayoutAndPrintingSample\PageLayoutAndPrintingSample.csproj", "{F6266937-BD53-875C-7749-5A793B6835E6}"
EndProject
Project("{FAE04EC0-301F-11D3-BF4B-00C04F79EFBC}") = "ReportGenerationSystemSample", "Samples\WordSamples\ReportGenerationSystemSample\ReportGenerationSystemSample.csproj", "{3A8F9864-13CC-51F4-0F62-C92ED4D2368E}"
EndProject
Project("{FAE04EC0-301F-11D3-BF4B-00C04F79EFBC}") = "RibbonCustomizationSample", "Samples\WordSamples\RibbonCustomizationSample\RibbonCustomizationSample.csproj", "{69AED1E7-6ECE-FDC1-A150-06D5C9142A3B}"
EndProject
Project("{FAE04EC0-301F-11D3-BF4B-00C04F79EFBC}") = "SelectionOperationsSample", "Samples\WordSamples\SelectionOperationsSample\SelectionOperationsSample.csproj", "{DAD9E9E4-8C1D-4E1C-E312-35F2DBCF600A}"
EndProject
Project("{FAE04EC0-301F-11D3-BF4B-00C04F79EFBC}") = "TableOperationsSample", "Samples\WordSamples\TableOperationsSample\TableOperationsSample.csproj", "{C7B89C37-4EE2-D117-43B4-377C10FE785A}"
EndProject
Project("{FAE04EC0-301F-11D3-BF4B-00C04F79EFBC}") = "TaskPanesAndDialogsSample", "Samples\WordSamples\TaskPanesAndDialogsSample\TaskPanesAndDialogsSample.csproj", "{83AD6F40-4104-B2A0-81A8-E6F89403AC2C}"
EndProject
Project("{FAE04EC0-301F-11D3-BF4B-00C04F79EFBC}") = "TextFormattingSample", "Samples\WordSamples\TextFormattingSample\TextFormattingSample.csproj", "{00591A9A-898D-78D7-C2A1-3FD31DC9052A}"
EndProject
Project("{FAE04EC0-301F-11D3-BF4B-00C04F79EFBC}") = "WordFactorySample", "Samples\WordSamples\WordFactorySample\WordFactorySample.csproj", "{54D0E567-B8B5-C681-738F-1092C60E42B0}"
EndProject
Project("{2150E333-8FDC-42A3-9474-1A3956D46DE8}") = "WordSample", "WordSample", "{2A6E044B-7DB9-4C90-9E38-AB12BBCD9BA2}"
EndProject
Project("{2150E333-8FDC-42A3-9474-1A3956D46DE8}") = "ExcelSample", "ExcelSample", "{B260D584-8477-4A7E-B283-C05F0C438A32}"
EndProject
Project("{FAE04EC0-301F-11D3-BF4B-00C04F79EFBC}") = "CellFormattingSample", "Samples\ExcelSamples\CellFormattingSample\CellFormattingSample.csproj", "{CEEDAC04-3175-FC49-6D44-5B8BA78BF05A}"
EndProject
Project("{FAE04EC0-301F-11D3-BF4B-00C04F79EFBC}") = "AdvancedFormattingSample", "Samples\ExcelSamples\AdvancedFormattingSample\AdvancedFormattingSample.csproj", "{156F0E73-CB19-CC0B-713A-B76B564D00CE}"
EndProject
Project("{FAE04EC0-301F-11D3-BF4B-00C04F79EFBC}") = "CellRangeOperationsSample", "Samples\ExcelSamples\CellRangeOperationsSample\CellRangeOperationsSample.csproj", "{76BF7BEE-D0A2-25D0-ABB4-308D19D07B4E}"
EndProject
Project("{FAE04EC0-301F-11D3-BF4B-00C04F79EFBC}") = "ChartCreationConfigurationSample", "Samples\ExcelSamples\ChartCreationConfigurationSample\ChartCreationConfigurationSample.csproj", "{F6C01D62-5B9E-39DB-D878-9E40E6E7A11F}"
EndProject
Project("{FAE04EC0-301F-11D3-BF4B-00C04F79EFBC}") = "DataImportExportSample", "Samples\ExcelSamples\DataImportExportSample\DataImportExportSample.csproj", "{9D2472AF-7179-A7A6-0E24-FD0FC6F76CDB}"
EndProject
Project("{FAE04EC0-301F-11D3-BF4B-00C04F79EFBC}") = "DataAnalysisVisualizationSample", "Samples\ExcelSamples\DataAnalysisVisualizationSample\DataAnalysisVisualizationSample.csproj", "{273006E6-A11C-D011-85D2-A46CC108D087}"
EndProject
Project("{FAE04EC0-301F-11D3-BF4B-00C04F79EFBC}") = "AdvancedDataOperationsSample", "Samples\ExcelSamples\AdvancedDataOperationsSample\AdvancedDataOperationsSample.csproj", "{FD481E03-ED56-F840-821C-142267892BF3}"
EndProject
Project("{FAE04EC0-301F-11D3-BF4B-00C04F79EFBC}") = "AdvancedChartFeaturesSample", "Samples\ExcelSamples\AdvancedChartFeaturesSample\AdvancedChartFeaturesSample.csproj", "{005C04CD-6793-2B80-91C5-6CD8EC3BF755}"
EndProject
Project("{FAE04EC0-301F-11D3-BF4B-00C04F79EFBC}") = "ChartAdvancedFeaturesSample", "Samples\ExcelSamples\ChartAdvancedFeaturesSample\ChartAdvancedFeaturesSample.csproj", "{1D536689-DED7-B34C-3E45-F0889DA1D726}"
EndProject
Project("{FAE04EC0-301F-11D3-BF4B-00C04F79EFBC}") = "EnterpriseReportingSystemSample", "Samples\ExcelSamples\EnterpriseReportingSystemSample\EnterpriseReportingSystemSample.csproj", "{FAC1E763-294F-D52D-1D58-CA03F49EAD11}"
EndProject
Project("{FAE04EC0-301F-11D3-BF4B-00C04F79EFBC}") = "ExcelApplicationManagementSample", "Samples\ExcelSamples\ExcelApplicationManagementSample\ExcelApplicationManagementSample.csproj", "{46739600-296B-7729-F76B-19A1BC95D6CD}"
EndProject
Project("{FAE04EC0-301F-11D3-BF4B-00C04F79EFBC}") = "FormulaFunctionApplicationSample", "Samples\ExcelSamples\FormulaFunctionApplicationSample\FormulaFunctionApplicationSample.csproj", "{58B38505-9DC2-76F2-8240-5D499DC66EBD}"
EndProject
Project("{FAE04EC0-301F-11D3-BF4B-00C04F79EFBC}") = "MacroAutomationScriptsSample", "Samples\ExcelSamples\MacroAutomationScriptsSample\MacroAutomationScriptsSample.csproj", "{DED076AF-D6EF-05A2-23CD-1D592CB07254}"
EndProject
Project("{FAE04EC0-301F-11D3-BF4B-00C04F79EFBC}") = "PageLayoutPrintingSample", "Samples\ExcelSamples\PageLayoutPrintingSample\PageLayoutPrintingSample.csproj", "{72A0C013-0FFE-3325-6297-D5A34BF4F6DC}"
EndProject
Project("{FAE04EC0-301F-11D3-BF4B-00C04F79EFBC}") = "PerformanceOptimizationSample", "Samples\ExcelSamples\PerformanceOptimizationSample\PerformanceOptimizationSample.csproj", "{7B855435-C1DF-176A-B7BF-42847F5C337C}"
EndProject
Project("{FAE04EC0-301F-11D3-BF4B-00C04F79EFBC}") = "PivotTableApplicationSample", "Samples\ExcelSamples\PivotTableApplicationSample\PivotTableApplicationSample.csproj", "{5AF5EC43-F579-1C58-0CC4-6229BAAD8AAB}"
EndProject
Project("{FAE04EC0-301F-11D3-BF4B-00C04F79EFBC}") = "WebApplicationIntegrationSample", "Samples\ExcelSamples\WebApplicationIntegrationSample\WebApplicationIntegrationSample.csproj", "{B6FF0E93-465F-E629-BCD2-697E83FD211A}"
EndProject
Project("{FAE04EC0-301F-11D3-BF4B-00C04F79EFBC}") = "WorkbookWorksheetOperationsSample", "Samples\ExcelSamples\WorkbookWorksheetOperationsSample\WorkbookWorksheetOperationsSample.csproj", "{1893BA45-3D31-C94E-B321-34AD7056D418}"
EndProject
Project("{2150E333-8FDC-42A3-9474-1A3956D46DE8}") = "solution", "solution", "{6D4C466B-0128-4844-929C-B1E5294F142F}"
	ProjectSection(SolutionItems) = preProject
		.gitignore = .gitignore
		Directory.Build.props = Directory.Build.props
		LICENSE = LICENSE
		README.md = README.md
	EndProjectSection
EndProject
Global
	GlobalSection(SolutionConfigurationPlatforms) = preSolution
		Debug|Any CPU = Debug|Any CPU
		Release|Any CPU = Release|Any CPU
	EndGlobalSection
	GlobalSection(ProjectConfigurationPlatforms) = postSolution
		{50AA401E-713B-3FF4-66A0-23306F6631F3}.Debug|Any CPU.ActiveCfg = Debug|Any CPU
		{50AA401E-713B-3FF4-66A0-23306F6631F3}.Debug|Any CPU.Build.0 = Debug|Any CPU
		{50AA401E-713B-3FF4-66A0-23306F6631F3}.Release|Any CPU.ActiveCfg = Release|Any CPU
		{50AA401E-713B-3FF4-66A0-23306F6631F3}.Release|Any CPU.Build.0 = Release|Any CPU
		{8331BABD-49BA-4FA6-00A9-75213E96AF03}.Debug|Any CPU.ActiveCfg = Debug|Any CPU
		{8331BABD-49BA-4FA6-00A9-75213E96AF03}.Debug|Any CPU.Build.0 = Debug|Any CPU
		{8331BABD-49BA-4FA6-00A9-75213E96AF03}.Release|Any CPU.ActiveCfg = Release|Any CPU
		{8331BABD-49BA-4FA6-00A9-75213E96AF03}.Release|Any CPU.Build.0 = Release|Any CPU
		{6B8B4A4E-327E-B4C1-1964-0A5BE73DB734}.Debug|Any CPU.ActiveCfg = Debug|Any CPU
		{6B8B4A4E-327E-B4C1-1964-0A5BE73DB734}.Debug|Any CPU.Build.0 = Debug|Any CPU
		{6B8B4A4E-327E-B4C1-1964-0A5BE73DB734}.Release|Any CPU.ActiveCfg = Release|Any CPU
		{6B8B4A4E-327E-B4C1-1964-0A5BE73DB734}.Release|Any CPU.Build.0 = Release|Any CPU
		{FD08CF3D-0877-0EEA-BA9C-CA470689ABBF}.Debug|Any CPU.ActiveCfg = Debug|Any CPU
		{FD08CF3D-0877-0EEA-BA9C-CA470689ABBF}.Debug|Any CPU.Build.0 = Debug|Any CPU
		{FD08CF3D-0877-0EEA-BA9C-CA470689ABBF}.Release|Any CPU.ActiveCfg = Release|Any CPU
		{FD08CF3D-0877-0EEA-BA9C-CA470689ABBF}.Release|Any CPU.Build.0 = Release|Any CPU
		{9B3438EC-1C64-F35C-6879-C6A86C3FC3A7}.Debug|Any CPU.ActiveCfg = Debug|Any CPU
		{9B3438EC-1C64-F35C-6879-C6A86C3FC3A7}.Debug|Any CPU.Build.0 = Debug|Any CPU
		{9B3438EC-1C64-F35C-6879-C6A86C3FC3A7}.Release|Any CPU.ActiveCfg = Release|Any CPU
		{9B3438EC-1C64-F35C-6879-C6A86C3FC3A7}.Release|Any CPU.Build.0 = Release|Any CPU
		{482CCC4B-0939-5D72-4126-CC3F51A4BCAA}.Debug|Any CPU.ActiveCfg = Debug|Any CPU
		{482CCC4B-0939-5D72-4126-CC3F51A4BCAA}.Debug|Any CPU.Build.0 = Debug|Any CPU
		{482CCC4B-0939-5D72-4126-CC3F51A4BCAA}.Release|Any CPU.ActiveCfg = Release|Any CPU
		{482CCC4B-0939-5D72-4126-CC3F51A4BCAA}.Release|Any CPU.Build.0 = Release|Any CPU
		{5AA2F12E-9024-9AAB-3632-27CB6C5CD496}.Debug|Any CPU.ActiveCfg = Debug|Any CPU
		{5AA2F12E-9024-9AAB-3632-27CB6C5CD496}.Debug|Any CPU.Build.0 = Debug|Any CPU
		{5AA2F12E-9024-9AAB-3632-27CB6C5CD496}.Release|Any CPU.ActiveCfg = Release|Any CPU
		{5AA2F12E-9024-9AAB-3632-27CB6C5CD496}.Release|Any CPU.Build.0 = Release|Any CPU
		{FA1DE64A-4A7E-783C-2310-0D7139CE5B89}.Debug|Any CPU.ActiveCfg = Debug|Any CPU
		{FA1DE64A-4A7E-783C-2310-0D7139CE5B89}.Debug|Any CPU.Build.0 = Debug|Any CPU
		{FA1DE64A-4A7E-783C-2310-0D7139CE5B89}.Release|Any CPU.ActiveCfg = Release|Any CPU
		{FA1DE64A-4A7E-783C-2310-0D7139CE5B89}.Release|Any CPU.Build.0 = Release|Any CPU
		{820CF04B-7307-8BB3-C457-CFAACC88688F}.Debug|Any CPU.ActiveCfg = Debug|Any CPU
		{820CF04B-7307-8BB3-C457-CFAACC88688F}.Debug|Any CPU.Build.0 = Debug|Any CPU
		{820CF04B-7307-8BB3-C457-CFAACC88688F}.Release|Any CPU.ActiveCfg = Release|Any CPU
		{820CF04B-7307-8BB3-C457-CFAACC88688F}.Release|Any CPU.Build.0 = Release|Any CPU
		{56052361-B4DA-39F5-8D53-70B3450E4236}.Debug|Any CPU.ActiveCfg = Debug|Any CPU
		{56052361-B4DA-39F5-8D53-70B3450E4236}.Debug|Any CPU.Build.0 = Debug|Any CPU
		{56052361-B4DA-39F5-8D53-70B3450E4236}.Release|Any CPU.ActiveCfg = Release|Any CPU
		{56052361-B4DA-39F5-8D53-70B3450E4236}.Release|Any CPU.Build.0 = Release|Any CPU
		{066895B1-22A6-4E13-A1E6-740B8C9CC3A7}.Debug|Any CPU.ActiveCfg = Debug|Any CPU
		{066895B1-22A6-4E13-A1E6-740B8C9CC3A7}.Debug|Any CPU.Build.0 = Debug|Any CPU
		{066895B1-22A6-4E13-A1E6-740B8C9CC3A7}.Release|Any CPU.ActiveCfg = Release|Any CPU
		{066895B1-22A6-4E13-A1E6-740B8C9CC3A7}.Release|Any CPU.Build.0 = Release|Any CPU
		{C44F7A7A-6192-2D36-D3C7-1E66244AB3D9}.Debug|Any CPU.ActiveCfg = Debug|Any CPU
		{C44F7A7A-6192-2D36-D3C7-1E66244AB3D9}.Debug|Any CPU.Build.0 = Debug|Any CPU
		{C44F7A7A-6192-2D36-D3C7-1E66244AB3D9}.Release|Any CPU.ActiveCfg = Release|Any CPU
		{C44F7A7A-6192-2D36-D3C7-1E66244AB3D9}.Release|Any CPU.Build.0 = Release|Any CPU
		{E0055474-F142-3673-B337-9633BAAA76A3}.Debug|Any CPU.ActiveCfg = Debug|Any CPU
		{E0055474-F142-3673-B337-9633BAAA76A3}.Debug|Any CPU.Build.0 = Debug|Any CPU
		{E0055474-F142-3673-B337-9633BAAA76A3}.Release|Any CPU.ActiveCfg = Release|Any CPU
		{E0055474-F142-3673-B337-9633BAAA76A3}.Release|Any CPU.Build.0 = Release|Any CPU
		{552C720D-ADA2-86C3-9335-593111803706}.Debug|Any CPU.ActiveCfg = Debug|Any CPU
		{552C720D-ADA2-86C3-9335-593111803706}.Debug|Any CPU.Build.0 = Debug|Any CPU
		{552C720D-ADA2-86C3-9335-593111803706}.Release|Any CPU.ActiveCfg = Release|Any CPU
		{552C720D-ADA2-86C3-9335-593111803706}.Release|Any CPU.Build.0 = Release|Any CPU
		{F6266937-BD53-875C-7749-5A793B6835E6}.Debug|Any CPU.ActiveCfg = Debug|Any CPU
		{F6266937-BD53-875C-7749-5A793B6835E6}.Debug|Any CPU.Build.0 = Debug|Any CPU
		{F6266937-BD53-875C-7749-5A793B6835E6}.Release|Any CPU.ActiveCfg = Release|Any CPU
		{F6266937-BD53-875C-7749-5A793B6835E6}.Release|Any CPU.Build.0 = Release|Any CPU
		{3A8F9864-13CC-51F4-0F62-C92ED4D2368E}.Debug|Any CPU.ActiveCfg = Debug|Any CPU
		{3A8F9864-13CC-51F4-0F62-C92ED4D2368E}.Debug|Any CPU.Build.0 = Debug|Any CPU
		{3A8F9864-13CC-51F4-0F62-C92ED4D2368E}.Release|Any CPU.ActiveCfg = Release|Any CPU
		{3A8F9864-13CC-51F4-0F62-C92ED4D2368E}.Release|Any CPU.Build.0 = Release|Any CPU
		{69AED1E7-6ECE-FDC1-A150-06D5C9142A3B}.Debug|Any CPU.ActiveCfg = Debug|Any CPU
		{69AED1E7-6ECE-FDC1-A150-06D5C9142A3B}.Debug|Any CPU.Build.0 = Debug|Any CPU
		{69AED1E7-6ECE-FDC1-A150-06D5C9142A3B}.Release|Any CPU.ActiveCfg = Release|Any CPU
		{69AED1E7-6ECE-FDC1-A150-06D5C9142A3B}.Release|Any CPU.Build.0 = Release|Any CPU
		{DAD9E9E4-8C1D-4E1C-E312-35F2DBCF600A}.Debug|Any CPU.ActiveCfg = Debug|Any CPU
		{DAD9E9E4-8C1D-4E1C-E312-35F2DBCF600A}.Debug|Any CPU.Build.0 = Debug|Any CPU
		{DAD9E9E4-8C1D-4E1C-E312-35F2DBCF600A}.Release|Any CPU.ActiveCfg = Release|Any CPU
		{DAD9E9E4-8C1D-4E1C-E312-35F2DBCF600A}.Release|Any CPU.Build.0 = Release|Any CPU
		{C7B89C37-4EE2-D117-43B4-377C10FE785A}.Debug|Any CPU.ActiveCfg = Debug|Any CPU
		{C7B89C37-4EE2-D117-43B4-377C10FE785A}.Debug|Any CPU.Build.0 = Debug|Any CPU
		{C7B89C37-4EE2-D117-43B4-377C10FE785A}.Release|Any CPU.ActiveCfg = Release|Any CPU
		{C7B89C37-4EE2-D117-43B4-377C10FE785A}.Release|Any CPU.Build.0 = Release|Any CPU
		{83AD6F40-4104-B2A0-81A8-E6F89403AC2C}.Debug|Any CPU.ActiveCfg = Debug|Any CPU
		{83AD6F40-4104-B2A0-81A8-E6F89403AC2C}.Debug|Any CPU.Build.0 = Debug|Any CPU
		{83AD6F40-4104-B2A0-81A8-E6F89403AC2C}.Release|Any CPU.ActiveCfg = Release|Any CPU
		{83AD6F40-4104-B2A0-81A8-E6F89403AC2C}.Release|Any CPU.Build.0 = Release|Any CPU
		{00591A9A-898D-78D7-C2A1-3FD31DC9052A}.Debug|Any CPU.ActiveCfg = Debug|Any CPU
		{00591A9A-898D-78D7-C2A1-3FD31DC9052A}.Debug|Any CPU.Build.0 = Debug|Any CPU
		{00591A9A-898D-78D7-C2A1-3FD31DC9052A}.Release|Any CPU.ActiveCfg = Release|Any CPU
		{00591A9A-898D-78D7-C2A1-3FD31DC9052A}.Release|Any CPU.Build.0 = Release|Any CPU
		{54D0E567-B8B5-C681-738F-1092C60E42B0}.Debug|Any CPU.ActiveCfg = Debug|Any CPU
		{54D0E567-B8B5-C681-738F-1092C60E42B0}.Debug|Any CPU.Build.0 = Debug|Any CPU
		{54D0E567-B8B5-C681-738F-1092C60E42B0}.Release|Any CPU.ActiveCfg = Release|Any CPU
		{54D0E567-B8B5-C681-738F-1092C60E42B0}.Release|Any CPU.Build.0 = Release|Any CPU
		{CEEDAC04-3175-FC49-6D44-5B8BA78BF05A}.Debug|Any CPU.ActiveCfg = Debug|Any CPU
		{CEEDAC04-3175-FC49-6D44-5B8BA78BF05A}.Debug|Any CPU.Build.0 = Debug|Any CPU
		{CEEDAC04-3175-FC49-6D44-5B8BA78BF05A}.Release|Any CPU.ActiveCfg = Release|Any CPU
		{CEEDAC04-3175-FC49-6D44-5B8BA78BF05A}.Release|Any CPU.Build.0 = Release|Any CPU
		{156F0E73-CB19-CC0B-713A-B76B564D00CE}.Debug|Any CPU.ActiveCfg = Debug|Any CPU
		{156F0E73-CB19-CC0B-713A-B76B564D00CE}.Debug|Any CPU.Build.0 = Debug|Any CPU
		{156F0E73-CB19-CC0B-713A-B76B564D00CE}.Release|Any CPU.ActiveCfg = Release|Any CPU
		{156F0E73-CB19-CC0B-713A-B76B564D00CE}.Release|Any CPU.Build.0 = Release|Any CPU
		{76BF7BEE-D0A2-25D0-ABB4-308D19D07B4E}.Debug|Any CPU.ActiveCfg = Debug|Any CPU
		{76BF7BEE-D0A2-25D0-ABB4-308D19D07B4E}.Debug|Any CPU.Build.0 = Debug|Any CPU
		{76BF7BEE-D0A2-25D0-ABB4-308D19D07B4E}.Release|Any CPU.ActiveCfg = Release|Any CPU
		{76BF7BEE-D0A2-25D0-ABB4-308D19D07B4E}.Release|Any CPU.Build.0 = Release|Any CPU
		{F6C01D62-5B9E-39DB-D878-9E40E6E7A11F}.Debug|Any CPU.ActiveCfg = Debug|Any CPU
		{F6C01D62-5B9E-39DB-D878-9E40E6E7A11F}.Debug|Any CPU.Build.0 = Debug|Any CPU
		{F6C01D62-5B9E-39DB-D878-9E40E6E7A11F}.Release|Any CPU.ActiveCfg = Release|Any CPU
		{F6C01D62-5B9E-39DB-D878-9E40E6E7A11F}.Release|Any CPU.Build.0 = Release|Any CPU
		{9D2472AF-7179-A7A6-0E24-FD0FC6F76CDB}.Debug|Any CPU.ActiveCfg = Debug|Any CPU
		{9D2472AF-7179-A7A6-0E24-FD0FC6F76CDB}.Debug|Any CPU.Build.0 = Debug|Any CPU
		{9D2472AF-7179-A7A6-0E24-FD0FC6F76CDB}.Release|Any CPU.ActiveCfg = Release|Any CPU
		{9D2472AF-7179-A7A6-0E24-FD0FC6F76CDB}.Release|Any CPU.Build.0 = Release|Any CPU
		{273006E6-A11C-D011-85D2-A46CC108D087}.Debug|Any CPU.ActiveCfg = Debug|Any CPU
		{273006E6-A11C-D011-85D2-A46CC108D087}.Debug|Any CPU.Build.0 = Debug|Any CPU
		{273006E6-A11C-D011-85D2-A46CC108D087}.Release|Any CPU.ActiveCfg = Release|Any CPU
		{273006E6-A11C-D011-85D2-A46CC108D087}.Release|Any CPU.Build.0 = Release|Any CPU
		{FD481E03-ED56-F840-821C-142267892BF3}.Debug|Any CPU.ActiveCfg = Debug|Any CPU
		{FD481E03-ED56-F840-821C-142267892BF3}.Debug|Any CPU.Build.0 = Debug|Any CPU
		{FD481E03-ED56-F840-821C-142267892BF3}.Release|Any CPU.ActiveCfg = Release|Any CPU
		{FD481E03-ED56-F840-821C-142267892BF3}.Release|Any CPU.Build.0 = Release|Any CPU
		{005C04CD-6793-2B80-91C5-6CD8EC3BF755}.Debug|Any CPU.ActiveCfg = Debug|Any CPU
		{005C04CD-6793-2B80-91C5-6CD8EC3BF755}.Debug|Any CPU.Build.0 = Debug|Any CPU
		{005C04CD-6793-2B80-91C5-6CD8EC3BF755}.Release|Any CPU.ActiveCfg = Release|Any CPU
		{005C04CD-6793-2B80-91C5-6CD8EC3BF755}.Release|Any CPU.Build.0 = Release|Any CPU
		{1D536689-DED7-B34C-3E45-F0889DA1D726}.Debug|Any CPU.ActiveCfg = Debug|Any CPU
		{1D536689-DED7-B34C-3E45-F0889DA1D726}.Debug|Any CPU.Build.0 = Debug|Any CPU
		{1D536689-DED7-B34C-3E45-F0889DA1D726}.Release|Any CPU.ActiveCfg = Release|Any CPU
		{1D536689-DED7-B34C-3E45-F0889DA1D726}.Release|Any CPU.Build.0 = Release|Any CPU
		{FAC1E763-294F-D52D-1D58-CA03F49EAD11}.Debug|Any CPU.ActiveCfg = Debug|Any CPU
		{FAC1E763-294F-D52D-1D58-CA03F49EAD11}.Debug|Any CPU.Build.0 = Debug|Any CPU
		{FAC1E763-294F-D52D-1D58-CA03F49EAD11}.Release|Any CPU.ActiveCfg = Release|Any CPU
		{FAC1E763-294F-D52D-1D58-CA03F49EAD11}.Release|Any CPU.Build.0 = Release|Any CPU
		{46739600-296B-7729-F76B-19A1BC95D6CD}.Debug|Any CPU.ActiveCfg = Debug|Any CPU
		{46739600-296B-7729-F76B-19A1BC95D6CD}.Debug|Any CPU.Build.0 = Debug|Any CPU
		{46739600-296B-7729-F76B-19A1BC95D6CD}.Release|Any CPU.ActiveCfg = Release|Any CPU
		{46739600-296B-7729-F76B-19A1BC95D6CD}.Release|Any CPU.Build.0 = Release|Any CPU
		{58B38505-9DC2-76F2-8240-5D499DC66EBD}.Debug|Any CPU.ActiveCfg = Debug|Any CPU
		{58B38505-9DC2-76F2-8240-5D499DC66EBD}.Debug|Any CPU.Build.0 = Debug|Any CPU
		{58B38505-9DC2-76F2-8240-5D499DC66EBD}.Release|Any CPU.ActiveCfg = Release|Any CPU
		{58B38505-9DC2-76F2-8240-5D499DC66EBD}.Release|Any CPU.Build.0 = Release|Any CPU
		{DED076AF-D6EF-05A2-23CD-1D592CB07254}.Debug|Any CPU.ActiveCfg = Debug|Any CPU
		{DED076AF-D6EF-05A2-23CD-1D592CB07254}.Debug|Any CPU.Build.0 = Debug|Any CPU
		{DED076AF-D6EF-05A2-23CD-1D592CB07254}.Release|Any CPU.ActiveCfg = Release|Any CPU
		{DED076AF-D6EF-05A2-23CD-1D592CB07254}.Release|Any CPU.Build.0 = Release|Any CPU
		{72A0C013-0FFE-3325-6297-D5A34BF4F6DC}.Debug|Any CPU.ActiveCfg = Debug|Any CPU
		{72A0C013-0FFE-3325-6297-D5A34BF4F6DC}.Debug|Any CPU.Build.0 = Debug|Any CPU
		{72A0C013-0FFE-3325-6297-D5A34BF4F6DC}.Release|Any CPU.ActiveCfg = Release|Any CPU
		{72A0C013-0FFE-3325-6297-D5A34BF4F6DC}.Release|Any CPU.Build.0 = Release|Any CPU
		{7B855435-C1DF-176A-B7BF-42847F5C337C}.Debug|Any CPU.ActiveCfg = Debug|Any CPU
		{7B855435-C1DF-176A-B7BF-42847F5C337C}.Debug|Any CPU.Build.0 = Debug|Any CPU
		{7B855435-C1DF-176A-B7BF-42847F5C337C}.Release|Any CPU.ActiveCfg = Release|Any CPU
		{7B855435-C1DF-176A-B7BF-42847F5C337C}.Release|Any CPU.Build.0 = Release|Any CPU
		{5AF5EC43-F579-1C58-0CC4-6229BAAD8AAB}.Debug|Any CPU.ActiveCfg = Debug|Any CPU
		{5AF5EC43-F579-1C58-0CC4-6229BAAD8AAB}.Debug|Any CPU.Build.0 = Debug|Any CPU
		{5AF5EC43-F579-1C58-0CC4-6229BAAD8AAB}.Release|Any CPU.ActiveCfg = Release|Any CPU
		{5AF5EC43-F579-1C58-0CC4-6229BAAD8AAB}.Release|Any CPU.Build.0 = Release|Any CPU
		{B6FF0E93-465F-E629-BCD2-697E83FD211A}.Debug|Any CPU.ActiveCfg = Debug|Any CPU
		{B6FF0E93-465F-E629-BCD2-697E83FD211A}.Debug|Any CPU.Build.0 = Debug|Any CPU
		{B6FF0E93-465F-E629-BCD2-697E83FD211A}.Release|Any CPU.ActiveCfg = Release|Any CPU
		{B6FF0E93-465F-E629-BCD2-697E83FD211A}.Release|Any CPU.Build.0 = Release|Any CPU
		{1893BA45-3D31-C94E-B321-34AD7056D418}.Debug|Any CPU.ActiveCfg = Debug|Any CPU
		{1893BA45-3D31-C94E-B321-34AD7056D418}.Debug|Any CPU.Build.0 = Debug|Any CPU
		{1893BA45-3D31-C94E-B321-34AD7056D418}.Release|Any CPU.ActiveCfg = Release|Any CPU
		{1893BA45-3D31-C94E-B321-34AD7056D418}.Release|Any CPU.Build.0 = Release|Any CPU
	EndGlobalSection
	GlobalSection(SolutionProperties) = preSolution
		HideSolutionNode = FALSE
	EndGlobalSection
	GlobalSection(NestedProjects) = preSolution
		{50AA401E-713B-3FF4-66A0-23306F6631F3} = {02EA681E-C7D8-13C7-8484-4AC65E1B71E8}
		{8331BABD-49BA-4FA6-00A9-75213E96AF03} = {02EA681E-C7D8-13C7-8484-4AC65E1B71E8}
		{6B8B4A4E-327E-B4C1-1964-0A5BE73DB734} = {02EA681E-C7D8-13C7-8484-4AC65E1B71E8}
		{FD08CF3D-0877-0EEA-BA9C-CA470689ABBF} = {02EA681E-C7D8-13C7-8484-4AC65E1B71E8}
		{9B3438EC-1C64-F35C-6879-C6A86C3FC3A7} = {02EA681E-C7D8-13C7-8484-4AC65E1B71E8}
		{482CCC4B-0939-5D72-4126-CC3F51A4BCAA} = {2A6E044B-7DB9-4C90-9E38-AB12BBCD9BA2}
		{5AA2F12E-9024-9AAB-3632-27CB6C5CD496} = {2A6E044B-7DB9-4C90-9E38-AB12BBCD9BA2}
		{FA1DE64A-4A7E-783C-2310-0D7139CE5B89} = {2A6E044B-7DB9-4C90-9E38-AB12BBCD9BA2}
		{820CF04B-7307-8BB3-C457-CFAACC88688F} = {2A6E044B-7DB9-4C90-9E38-AB12BBCD9BA2}
		{56052361-B4DA-39F5-8D53-70B3450E4236} = {2A6E044B-7DB9-4C90-9E38-AB12BBCD9BA2}
		{066895B1-22A6-4E13-A1E6-740B8C9CC3A7} = {2A6E044B-7DB9-4C90-9E38-AB12BBCD9BA2}
		{C44F7A7A-6192-2D36-D3C7-1E66244AB3D9} = {2A6E044B-7DB9-4C90-9E38-AB12BBCD9BA2}
		{E0055474-F142-3673-B337-9633BAAA76A3} = {2A6E044B-7DB9-4C90-9E38-AB12BBCD9BA2}
		{552C720D-ADA2-86C3-9335-593111803706} = {2A6E044B-7DB9-4C90-9E38-AB12BBCD9BA2}
		{F6266937-BD53-875C-7749-5A793B6835E6} = {2A6E044B-7DB9-4C90-9E38-AB12BBCD9BA2}
		{3A8F9864-13CC-51F4-0F62-C92ED4D2368E} = {2A6E044B-7DB9-4C90-9E38-AB12BBCD9BA2}
		{69AED1E7-6ECE-FDC1-A150-06D5C9142A3B} = {2A6E044B-7DB9-4C90-9E38-AB12BBCD9BA2}
		{DAD9E9E4-8C1D-4E1C-E312-35F2DBCF600A} = {2A6E044B-7DB9-4C90-9E38-AB12BBCD9BA2}
		{C7B89C37-4EE2-D117-43B4-377C10FE785A} = {2A6E044B-7DB9-4C90-9E38-AB12BBCD9BA2}
		{83AD6F40-4104-B2A0-81A8-E6F89403AC2C} = {2A6E044B-7DB9-4C90-9E38-AB12BBCD9BA2}
		{00591A9A-898D-78D7-C2A1-3FD31DC9052A} = {2A6E044B-7DB9-4C90-9E38-AB12BBCD9BA2}
		{54D0E567-B8B5-C681-738F-1092C60E42B0} = {2A6E044B-7DB9-4C90-9E38-AB12BBCD9BA2}
		{2A6E044B-7DB9-4C90-9E38-AB12BBCD9BA2} = {172D981E-17A6-46CF-B368-BE828A9BB944}
		{B260D584-8477-4A7E-B283-C05F0C438A32} = {172D981E-17A6-46CF-B368-BE828A9BB944}
		{CEEDAC04-3175-FC49-6D44-5B8BA78BF05A} = {B260D584-8477-4A7E-B283-C05F0C438A32}
		{156F0E73-CB19-CC0B-713A-B76B564D00CE} = {B260D584-8477-4A7E-B283-C05F0C438A32}
		{76BF7BEE-D0A2-25D0-ABB4-308D19D07B4E} = {B260D584-8477-4A7E-B283-C05F0C438A32}
		{F6C01D62-5B9E-39DB-D878-9E40E6E7A11F} = {B260D584-8477-4A7E-B283-C05F0C438A32}
		{9D2472AF-7179-A7A6-0E24-FD0FC6F76CDB} = {B260D584-8477-4A7E-B283-C05F0C438A32}
		{273006E6-A11C-D011-85D2-A46CC108D087} = {B260D584-8477-4A7E-B283-C05F0C438A32}
		{FD481E03-ED56-F840-821C-142267892BF3} = {B260D584-8477-4A7E-B283-C05F0C438A32}
		{005C04CD-6793-2B80-91C5-6CD8EC3BF755} = {B260D584-8477-4A7E-B283-C05F0C438A32}
		{1D536689-DED7-B34C-3E45-F0889DA1D726} = {B260D584-8477-4A7E-B283-C05F0C438A32}
		{FAC1E763-294F-D52D-1D58-CA03F49EAD11} = {B260D584-8477-4A7E-B283-C05F0C438A32}
		{46739600-296B-7729-F76B-19A1BC95D6CD} = {B260D584-8477-4A7E-B283-C05F0C438A32}
		{58B38505-9DC2-76F2-8240-5D499DC66EBD} = {B260D584-8477-4A7E-B283-C05F0C438A32}
		{DED076AF-D6EF-05A2-23CD-1D592CB07254} = {B260D584-8477-4A7E-B283-C05F0C438A32}
		{72A0C013-0FFE-3325-6297-D5A34BF4F6DC} = {B260D584-8477-4A7E-B283-C05F0C438A32}
		{7B855435-C1DF-176A-B7BF-42847F5C337C} = {B260D584-8477-4A7E-B283-C05F0C438A32}
		{5AF5EC43-F579-1C58-0CC4-6229BAAD8AAB} = {B260D584-8477-4A7E-B283-C05F0C438A32}
		{B6FF0E93-465F-E629-BCD2-697E83FD211A} = {B260D584-8477-4A7E-B283-C05F0C438A32}
		{1893BA45-3D31-C94E-B321-34AD7056D418} = {B260D584-8477-4A7E-B283-C05F0C438A32}
	EndGlobalSection
	GlobalSection(ExtensibilityGlobals) = postSolution
		SolutionGuid = {561A94CB-98B0-415C-B83C-85504D78851A}
	EndGlobalSection
EndGlobal
